// !$*UTF8*$!
{
	archiveVersion = 1;
	classes = {
	};
	objectVersion = 77;
	objects = {

/* Begin PBXBuildFile section */
		87AD28C12D5396B500828B2F /* .swiftlint.yml in Resources */ = {isa = PBXBuildFile; fileRef = 87AD28C02D5396B200828B2F /* .swiftlint.yml */; };
/* End PBXBuildFile section */

/* Begin PBXContainerItemProxy section */
		87AD28932D52548700828B2F /* PBXContainerItemProxy */ = {
			isa = PBXContainerItemProxy;
			containerPortal = 87AD287A2D52548600828B2F /* Project object */;
			proxyType = 1;
			remoteGlobalIDString = 87AD28812D52548600828B2F;
			remoteInfo = MichikusaMemo;
		};
		87AD289D2D52548700828B2F /* PBXContainerItemProxy */ = {
			isa = PBXContainerItemProxy;
			containerPortal = 87AD287A2D52548600828B2F /* Project object */;
			proxyType = 1;
			remoteGlobalIDString = 87AD28812D52548600828B2F;
			remoteInfo = MichikusaMemo;
		};
/* End PBXContainerItemProxy section */

/* Begin PBXFileReference section */
		87AD28822D52548600828B2F /* MichikusaMemo.app */ = {isa = PBXFileReference; explicitFileType = wrapper.application; includeInIndex = 0; path = MichikusaMemo.app; sourceTree = BUILT_PRODUCTS_DIR; };
		87AD28922D52548700828B2F /* MichikusaMemoTests.xctest */ = {isa = PBXFileReference; explicitFileType = wrapper.cfbundle; includeInIndex = 0; path = MichikusaMemoTests.xctest; sourceTree = BUILT_PRODUCTS_DIR; };
		87AD289C2D52548700828B2F /* MichikusaMemoUITests.xctest */ = {isa = PBXFileReference; explicitFileType = wrapper.cfbundle; includeInIndex = 0; path = MichikusaMemoUITests.xctest; sourceTree = BUILT_PRODUCTS_DIR; };
		87AD28C02D5396B200828B2F /* .swiftlint.yml */ = {isa = PBXFileReference; lastKnownFileType = text.yaml; path = .swiftlint.yml; sourceTree = "<group>"; };
/* End PBXFileReference section */

/* Begin PBXFileSystemSynchronizedRootGroup section */
		87AD28842D52548600828B2F /* MichikusaMemo */ = {
			isa = PBXFileSystemSynchronizedRootGroup;
			path = MichikusaMemo;
			sourceTree = "<group>";
		};
		87AD28952D52548700828B2F /* MichikusaMemoTests */ = {
			isa = PBXFileSystemSynchronizedRootGroup;
			path = MichikusaMemoTests;
			sourceTree = "<group>";
		};
		87AD289F2D52548700828B2F /* MichikusaMemoUITests */ = {
			isa = PBXFileSystemSynchronizedRootGroup;
			path = MichikusaMemoUITests;
			sourceTree = "<group>";
		};
/* End PBXFileSystemSynchronizedRootGroup section */

/* Begin PBXFrameworksBuildPhase section */
		87AD287F2D52548600828B2F /* Frameworks */ = {
			isa = PBXFrameworksBuildPhase;
			buildActionMask = 2147483647;
			files = (
			);
			runOnlyForDeploymentPostprocessing = 0;
		};
		87AD288F2D52548700828B2F /* Frameworks */ = {
			isa = PBXFrameworksBuildPhase;
			buildActionMask = 2147483647;
			files = (
			);
			runOnlyForDeploymentPostprocessing = 0;
		};
		87AD28992D52548700828B2F /* Frameworks */ = {
			isa = PBXFrameworksBuildPhase;
			buildActionMask = 2147483647;
			files = (
			);
			runOnlyForDeploymentPostprocessing = 0;
		};
/* End PBXFrameworksBuildPhase section */

/* Begin PBXGroup section */
		87AD28792D52548600828B2F = {
			isa = PBXGroup;
			children = (
				87AD28C02D5396B200828B2F /* .swiftlint.yml */,
				87AD28842D52548600828B2F /* MichikusaMemo */,
				87AD28952D52548700828B2F /* MichikusaMemoTests */,
				87AD289F2D52548700828B2F /* MichikusaMemoUITests */,
				87AD28832D52548600828B2F /* Products */,
			);
			sourceTree = "<group>";
		};
		87AD28832D52548600828B2F /* Products */ = {
			isa = PBXGroup;
			children = (
				87AD28822D52548600828B2F /* MichikusaMemo.app */,
				87AD28922D52548700828B2F /* MichikusaMemoTests.xctest */,
				87AD289C2D52548700828B2F /* MichikusaMemoUITests.xctest */,
			);
			name = Products;
			sourceTree = "<group>";
		};
/* End PBXGroup section */

/* Begin PBXNativeTarget section */
		87AD28812D52548600828B2F /* MichikusaMemo */ = {
			isa = PBXNativeTarget;
			buildConfigurationList = 87AD28A62D52548700828B2F /* Build configuration list for PBXNativeTarget "MichikusaMemo" */;
			buildPhases = (
				87AD287E2D52548600828B2F /* Sources */,
				87AD287F2D52548600828B2F /* Frameworks */,
				87AD28802D52548600828B2F /* Resources */,
				87AD28BE2D53943E00828B2F /* Run SwiftLint */,
			);
			buildRules = (
			);
			dependencies = (
			);
			fileSystemSynchronizedGroups = (
				87AD28842D52548600828B2F /* MichikusaMemo */,
			);
			name = MichikusaMemo;
			packageProductDependencies = (
			);
			productName = MichikusaMemo;
			productReference = 87AD28822D52548600828B2F /* MichikusaMemo.app */;
			productType = "com.apple.product-type.application";
		};
		87AD28912D52548700828B2F /* MichikusaMemoTests */ = {
			isa = PBXNativeTarget;
			buildConfigurationList = 87AD28A92D52548700828B2F /* Build configuration list for PBXNativeTarget "MichikusaMemoTests" */;
			buildPhases = (
				87AD288E2D52548700828B2F /* Sources */,
				87AD288F2D52548700828B2F /* Frameworks */,
				87AD28902D52548700828B2F /* Resources */,
			);
			buildRules = (
			);
			dependencies = (
				87AD28942D52548700828B2F /* PBXTargetDependency */,
			);
			fileSystemSynchronizedGroups = (
				87AD28952D52548700828B2F /* MichikusaMemoTests */,
			);
			name = MichikusaMemoTests;
			packageProductDependencies = (
			);
			productName = MichikusaMemoTests;
			productReference = 87AD28922D52548700828B2F /* MichikusaMemoTests.xctest */;
			productType = "com.apple.product-type.bundle.unit-test";
		};
		87AD289B2D52548700828B2F /* MichikusaMemoUITests */ = {
			isa = PBXNativeTarget;
			buildConfigurationList = 87AD28AC2D52548700828B2F /* Build configuration list for PBXNativeTarget "MichikusaMemoUITests" */;
			buildPhases = (
				87AD28982D52548700828B2F /* Sources */,
				87AD28992D52548700828B2F /* Frameworks */,
				87AD289A2D52548700828B2F /* Resources */,
			);
			buildRules = (
			);
			dependencies = (
				87AD289E2D52548700828B2F /* PBXTargetDependency */,
			);
			fileSystemSynchronizedGroups = (
				87AD289F2D52548700828B2F /* MichikusaMemoUITests */,
			);
			name = MichikusaMemoUITests;
			packageProductDependencies = (
			);
			productName = MichikusaMemoUITests;
			productReference = 87AD289C2D52548700828B2F /* MichikusaMemoUITests.xctest */;
			productType = "com.apple.product-type.bundle.ui-testing";
		};
/* End PBXNativeTarget section */

/* Begin PBXProject section */
		87AD287A2D52548600828B2F /* Project object */ = {
			isa = PBXProject;
			attributes = {
				BuildIndependentTargetsInParallel = 1;
				LastSwiftUpdateCheck = 1620;
				LastUpgradeCheck = 1620;
				TargetAttributes = {
					87AD28812D52548600828B2F = {
						CreatedOnToolsVersion = 16.2;
					};
					87AD28912D52548700828B2F = {
						CreatedOnToolsVersion = 16.2;
						TestTargetID = 87AD28812D52548600828B2F;
					};
					87AD289B2D52548700828B2F = {
						CreatedOnToolsVersion = 16.2;
						TestTargetID = 87AD28812D52548600828B2F;
					};
				};
			};
			buildConfigurationList = 87AD287D2D52548600828B2F /* Build configuration list for PBXProject "MichikusaMemo" */;
			developmentRegion = en;
			hasScannedForEncodings = 0;
			knownRegions = (
				en,
				Base,
			);
			mainGroup = 87AD28792D52548600828B2F;
			minimizedProjectReferenceProxies = 1;
			preferredProjectObjectVersion = 77;
			productRefGroup = 87AD28832D52548600828B2F /* Products */;
			projectDirPath = "";
			projectRoot = "";
			targets = (
				87AD28812D52548600828B2F /* MichikusaMemo */,
				87AD28912D52548700828B2F /* MichikusaMemoTests */,
				87AD289B2D52548700828B2F /* MichikusaMemoUITests */,
			);
		};
/* End PBXProject section */

/* Begin PBXResourcesBuildPhase section */
		87AD28802D52548600828B2F /* Resources */ = {
			isa = PBXResourcesBuildPhase;
			buildActionMask = 2147483647;
			files = (
				87AD28C12D5396B500828B2F /* .swiftlint.yml in Resources */,
			);
			runOnlyForDeploymentPostprocessing = 0;
		};
		87AD28902D52548700828B2F /* Resources */ = {
			isa = PBXResourcesBuildPhase;
			buildActionMask = 2147483647;
			files = (
			);
			runOnlyForDeploymentPostprocessing = 0;
		};
		87AD289A2D52548700828B2F /* Resources */ = {
			isa = PBXResourcesBuildPhase;
			buildActionMask = 2147483647;
			files = (
			);
			runOnlyForDeploymentPostprocessing = 0;
		};
/* End PBXResourcesBuildPhase section */

/* Begin PBXShellScriptBuildPhase section */
		87AD28BE2D53943E00828B2F /* Run SwiftLint */ = {
			isa = PBXShellScriptBuildPhase;
			alwaysOutOfDate = 1;
			buildActionMask = 2147483647;
			files = (
			);
			inputFileListPaths = (
			);
			inputPaths = (
			);
			name = "Run SwiftLint";
			outputFileListPaths = (
			);
			outputPaths = (
			);
			runOnlyForDeploymentPostprocessing = 0;
			shellPath = /bin/sh;
			shellScript = "if which swiftlint > /dev/null; then\n  swiftlint\nfi\n";
		};
/* End PBXShellScriptBuildPhase section */

/* Begin PBXSourcesBuildPhase section */
		87AD287E2D52548600828B2F /* Sources */ = {
			isa = PBXSourcesBuildPhase;
			buildActionMask = 2147483647;
			files = (
			);
			runOnlyForDeploymentPostprocessing = 0;
		};
		87AD288E2D52548700828B2F /* Sources */ = {
			isa = PBXSourcesBuildPhase;
			buildActionMask = 2147483647;
			files = (
			);
			runOnlyForDeploymentPostprocessing = 0;
		};
		87AD28982D52548700828B2F /* Sources */ = {
			isa = PBXSourcesBuildPhase;
			buildActionMask = 2147483647;
			files = (
			);
			runOnlyForDeploymentPostprocessing = 0;
		};
/* End PBXSourcesBuildPhase section */

/* Begin PBXTargetDependency section */
		87AD28942D52548700828B2F /* PBXTargetDependency */ = {
			isa = PBXTargetDependency;
			target = 87AD28812D52548600828B2F /* MichikusaMemo */;
			targetProxy = 87AD28932D52548700828B2F /* PBXContainerItemProxy */;
		};
		87AD289E2D52548700828B2F /* PBXTargetDependency */ = {
			isa = PBXTargetDependency;
			target = 87AD28812D52548600828B2F /* MichikusaMemo */;
			targetProxy = 87AD289D2D52548700828B2F /* PBXContainerItemProxy */;
		};
/* End PBXTargetDependency section */

/* Begin XCBuildConfiguration section */
		87AD28A42D52548700828B2F /* Debug */ = {
			isa = XCBuildConfiguration;
			buildSettings = {
				ALWAYS_SEARCH_USER_PATHS = NO;
				ASSETCATALOG_COMPILER_GENERATE_SWIFT_ASSET_SYMBOL_EXTENSIONS = YES;
				CLANG_ANALYZER_NONNULL = YES;
				CLANG_ANALYZER_NUMBER_OBJECT_CONVERSION = YES_AGGRESSIVE;
				CLANG_CXX_LANGUAGE_STANDARD = "gnu++20";
				CLANG_ENABLE_MODULES = YES;
				CLANG_ENABLE_OBJC_ARC = YES;
				CLANG_ENABLE_OBJC_WEAK = YES;
				CLANG_WARN_BLOCK_CAPTURE_AUTORELEASING = YES;
				CLANG_WARN_BOOL_CONVERSION = YES;
				CLANG_WARN_COMMA = YES;
				CLANG_WARN_CONSTANT_CONVERSION = YES;
				CLANG_WARN_DEPRECATED_OBJC_IMPLEMENTATIONS = YES;
				CLANG_WARN_DIRECT_OBJC_ISA_USAGE = YES_ERROR;
				CLANG_WARN_DOCUMENTATION_COMMENTS = YES;
				CLANG_WARN_EMPTY_BODY = YES;
				CLANG_WARN_ENUM_CONVERSION = YES;
				CLANG_WARN_INFINITE_RECURSION = YES;
				CLANG_WARN_INT_CONVERSION = YES;
				CLANG_WARN_NON_LITERAL_NULL_CONVERSION = YES;
				CLANG_WARN_OBJC_IMPLICIT_RETAIN_SELF = YES;
				CLANG_WARN_OBJC_LITERAL_CONVERSION = YES;
				CLANG_WARN_OBJC_ROOT_CLASS = YES_ERROR;
				CLANG_WARN_QUOTED_INCLUDE_IN_FRAMEWORK_HEADER = YES;
				CLANG_WARN_RANGE_LOOP_ANALYSIS = YES;
				CLANG_WARN_STRICT_PROTOTYPES = YES;
				CLANG_WARN_SUSPICIOUS_MOVE = YES;
				CLANG_WARN_UNGUARDED_AVAILABILITY = YES_AGGRESSIVE;
				CLANG_WARN_UNREACHABLE_CODE = YES;
				CLANG_WARN__DUPLICATE_METHOD_MATCH = YES;
				COPY_PHASE_STRIP = NO;
				DEBUG_INFORMATION_FORMAT = dwarf;
				ENABLE_STRICT_OBJC_MSGSEND = YES;
				ENABLE_TESTABILITY = YES;
				ENABLE_USER_SCRIPT_SANDBOXING = YES;
				GCC_C_LANGUAGE_STANDARD = gnu17;
				GCC_DYNAMIC_NO_PIC = NO;
				GCC_NO_COMMON_BLOCKS = YES;
				GCC_OPTIMIZATION_LEVEL = 0;
				GCC_PREPROCESSOR_DEFINITIONS = (
					"DEBUG=1",
					"$(inherited)",
				);
				GCC_WARN_64_TO_32_BIT_CONVERSION = YES;
				GCC_WARN_ABOUT_RETURN_TYPE = YES_ERROR;
				GCC_WARN_UNDECLARED_SELECTOR = YES;
				GCC_WARN_UNINITIALIZED_AUTOS = YES_AGGRESSIVE;
				GCC_WARN_UNUSED_FUNCTION = YES;
				GCC_WARN_UNUSED_VARIABLE = YES;
				IPHONEOS_DEPLOYMENT_TARGET = 18.2;
				LOCALIZATION_PREFERS_STRING_CATALOGS = YES;
				MTL_ENABLE_DEBUG_INFO = INCLUDE_SOURCE;
				MTL_FAST_MATH = YES;
				ONLY_ACTIVE_ARCH = YES;
				SDKROOT = iphoneos;
				SWIFT_ACTIVE_COMPILATION_CONDITIONS = "DEBUG $(inherited)";
				SWIFT_OPTIMIZATION_LEVEL = "-Onone";
			};
			name = Debug;
		};
		87AD28A52D52548700828B2F /* Release */ = {
			isa = XCBuildConfiguration;
			buildSettings = {
				ALWAYS_SEARCH_USER_PATHS = NO;
				ASSETCATALOG_COMPILER_GENERATE_SWIFT_ASSET_SYMBOL_EXTENSIONS = YES;
				CLANG_ANALYZER_NONNULL = YES;
				CLANG_ANALYZER_NUMBER_OBJECT_CONVERSION = YES_AGGRESSIVE;
				CLANG_CXX_LANGUAGE_STANDARD = "gnu++20";
				CLANG_ENABLE_MODULES = YES;
				CLANG_ENABLE_OBJC_ARC = YES;
				CLANG_ENABLE_OBJC_WEAK = YES;
				CLANG_WARN_BLOCK_CAPTURE_AUTORELEASING = YES;
				CLANG_WARN_BOOL_CONVERSION = YES;
				CLANG_WARN_COMMA = YES;
				CLANG_WARN_CONSTANT_CONVERSION = YES;
				CLANG_WARN_DEPRECATED_OBJC_IMPLEMENTATIONS = YES;
				CLANG_WARN_DIRECT_OBJC_ISA_USAGE = YES_ERROR;
				CLANG_WARN_DOCUMENTATION_COMMENTS = YES;
				CLANG_WARN_EMPTY_BODY = YES;
				CLANG_WARN_ENUM_CONVERSION = YES;
				CLANG_WARN_INFINITE_RECURSION = YES;
				CLANG_WARN_INT_CONVERSION = YES;
				CLANG_WARN_NON_LITERAL_NULL_CONVERSION = YES;
				CLANG_WARN_OBJC_IMPLICIT_RETAIN_SELF = YES;
				CLANG_WARN_OBJC_LITERAL_CONVERSION = YES;
				CLANG_WARN_OBJC_ROOT_CLASS = YES_ERROR;
				CLANG_WARN_QUOTED_INCLUDE_IN_FRAMEWORK_HEADER = YES;
				CLANG_WARN_RANGE_LOOP_ANALYSIS = YES;
				CLANG_WARN_STRICT_PROTOTYPES = YES;
				CLANG_WARN_SUSPICIOUS_MOVE = YES;
				CLANG_WARN_UNGUARDED_AVAILABILITY = YES_AGGRESSIVE;
				CLANG_WARN_UNREACHABLE_CODE = YES;
				CLANG_WARN__DUPLICATE_METHOD_MATCH = YES;
				COPY_PHASE_STRIP = NO;
				DEBUG_INFORMATION_FORMAT = "dwarf-with-dsym";
				ENABLE_NS_ASSERTIONS = NO;
				ENABLE_STRICT_OBJC_MSGSEND = YES;
				ENABLE_USER_SCRIPT_SANDBOXING = YES;
				GCC_C_LANGUAGE_STANDARD = gnu17;
				GCC_NO_COMMON_BLOCKS = YES;
				GCC_WARN_64_TO_32_BIT_CONVERSION = YES;
				GCC_WARN_ABOUT_RETURN_TYPE = YES_ERROR;
				GCC_WARN_UNDECLARED_SELECTOR = YES;
				GCC_WARN_UNINITIALIZED_AUTOS = YES_AGGRESSIVE;
				GCC_WARN_UNUSED_FUNCTION = YES;
				GCC_WARN_UNUSED_VARIABLE = YES;
				IPHONEOS_DEPLOYMENT_TARGET = 18.2;
				LOCALIZATION_PREFERS_STRING_CATALOGS = YES;
				MTL_ENABLE_DEBUG_INFO = NO;
				MTL_FAST_MATH = YES;
				SDKROOT = iphoneos;
				SWIFT_COMPILATION_MODE = wholemodule;
				VALIDATE_PRODUCT = YES;
			};
			name = Release;
		};
		87AD28A72D52548700828B2F /* Debug */ = {
			isa = XCBuildConfiguration;
			buildSettings = {
				ASSETCATALOG_COMPILER_APPICON_NAME = AppIcon;
				ASSETCATALOG_COMPILER_GLOBAL_ACCENT_COLOR_NAME = AccentColor;
				CODE_SIGN_STYLE = Automatic;
				CURRENT_PROJECT_VERSION = 1;
				DEVELOPMENT_ASSET_PATHS = "\"MichikusaMemo/Preview Content\"";
				DEVELOPMENT_TEAM = CHP337D75C;
				ENABLE_PREVIEWS = YES;
				GENERATE_INFOPLIST_FILE = YES;
				INFOPLIST_KEY_NSLocationAlwaysAndWhenInUseUsageDescription = "このアプリは現在地を表示するために位置情報を使用します。\nこのアプリは現在地を表示するために位置情報を使用します。\nこのアプリは現在地を表示するために位置情報を使用します。\n\"このアプリは現在地を表示\"";
				INFOPLIST_KEY_NSLocationWhenInUseUsageDescription = "このアプリは現在地を表示するために位置情報を使用します。\nこのアプリは現在地を表示するために位置情報を使用します。\nこのアプリは現在地を表示するために位置情報を使用します。\n\"このアプリは現在地を表示\"";
				INFOPLIST_KEY_UIApplicationSceneManifest_Generation = YES;
				INFOPLIST_KEY_UIApplicationSupportsIndirectInputEvents = YES;
				INFOPLIST_KEY_UILaunchScreen_Generation = YES;
				INFOPLIST_KEY_UISupportedInterfaceOrientations_iPad = "UIInterfaceOrientationPortrait UIInterfaceOrientationPortraitUpsideDown UIInterfaceOrientationLandscapeLeft UIInterfaceOrientationLandscapeRight";
				INFOPLIST_KEY_UISupportedInterfaceOrientations_iPhone = "UIInterfaceOrientationPortrait UIInterfaceOrientationLandscapeLeft UIInterfaceOrientationLandscapeRight";
				LD_RUNPATH_SEARCH_PATHS = (
					"$(inherited)",
					"@executable_path/Frameworks",
				);
				MARKETING_VERSION = 1.0;
				PRODUCT_BUNDLE_IDENTIFIER = com.kota.MichikusaMemo;
				PRODUCT_NAME = "$(TARGET_NAME)";
				SWIFT_EMIT_LOC_STRINGS = YES;
				SWIFT_VERSION = 5.0;
				TARGETED_DEVICE_FAMILY = "1,2";
			};
			name = Debug;
		};
		87AD28A82D52548700828B2F /* Release */ = {
			isa = XCBuildConfiguration;
			buildSettings = {
				ASSETCATALOG_COMPILER_APPICON_NAME = AppIcon;
				ASSETCATALOG_COMPILER_GLOBAL_ACCENT_COLOR_NAME = AccentColor;
				CODE_SIGN_STYLE = Automatic;
				CURRENT_PROJECT_VERSION = 1;
				DEVELOPMENT_ASSET_PATHS = "\"MichikusaMemo/Preview Content\"";
				DEVELOPMENT_TEAM = CHP337D75C;
				ENABLE_PREVIEWS = YES;
				GENERATE_INFOPLIST_FILE = YES;
				INFOPLIST_KEY_NSLocationAlwaysAndWhenInUseUsageDescription = "このアプリは現在地を表示するために位置情報を使用します。\nこのアプリは現在地を表示するために位置情報を使用します。\nこのアプリは現在地を表示するために位置情報を使用します。\n\"このアプリは現在地を表示\"";
				INFOPLIST_KEY_NSLocationWhenInUseUsageDescription = "このアプリは現在地を表示するために位置情報を使用します。\nこのアプリは現在地を表示するために位置情報を使用します。\nこのアプリは現在地を表示するために位置情報を使用します。\n\"このアプリは現在地を表示\"";
				INFOPLIST_KEY_UIApplicationSceneManifest_Generation = YES;
				INFOPLIST_KEY_UIApplicationSupportsIndirectInputEvents = YES;
				INFOPLIST_KEY_UILaunchScreen_Generation = YES;
				INFOPLIST_KEY_UISupportedInterfaceOrientations_iPad = "UIInterfaceOrientationPortrait UIInterfaceOrientationPortraitUpsideDown UIInterfaceOrientationLandscapeLeft UIInterfaceOrientationLandscapeRight";
				INFOPLIST_KEY_UISupportedInterfaceOrientations_iPhone = "UIInterfaceOrientationPortrait UIInterfaceOrientationLandscapeLeft UIInterfaceOrientationLandscapeRight";
				LD_RUNPATH_SEARCH_PATHS = (
					"$(inherited)",
					"@executable_path/Frameworks",
				);
				MARKETING_VERSION = 1.0;
				PRODUCT_BUNDLE_IDENTIFIER = com.kota.MichikusaMemo;
				PRODUCT_NAME = "$(TARGET_NAME)";
				SWIFT_EMIT_LOC_STRINGS = YES;
				SWIFT_VERSION = 5.0;
				TARGETED_DEVICE_FAMILY = "1,2";
			};
			name = Release;
		};
		87AD28AA2D52548700828B2F /* Debug */ = {
			isa = XCBuildConfiguration;
			buildSettings = {
				BUNDLE_LOADER = "$(TEST_HOST)";
				CODE_SIGN_STYLE = Automatic;
				CURRENT_PROJECT_VERSION = 1;
				GENERATE_INFOPLIST_FILE = YES;
				IPHONEOS_DEPLOYMENT_TARGET = 18.2;
				MARKETING_VERSION = 1.0;
				PRODUCT_BUNDLE_IDENTIFIER = com.kota.MichikusaMemoTests;
				PRODUCT_NAME = "$(TARGET_NAME)";
				SWIFT_EMIT_LOC_STRINGS = NO;
				SWIFT_VERSION = 5.0;
				TARGETED_DEVICE_FAMILY = "1,2";
				TEST_HOST = "$(BUILT_PRODUCTS_DIR)/MichikusaMemo.app/$(BUNDLE_EXECUTABLE_FOLDER_PATH)/MichikusaMemo";
			};
			name = Debug;
		};
		87AD28AB2D52548700828B2F /* Release */ = {
			isa = XCBuildConfiguration;
			buildSettings = {
				BUNDLE_LOADER = "$(TEST_HOST)";
				CODE_SIGN_STYLE = Automatic;
				CURRENT_PROJECT_VERSION = 1;
				GENERATE_INFOPLIST_FILE = YES;
				IPHONEOS_DEPLOYMENT_TARGET = 18.2;
				MARKETING_VERSION = 1.0;
				PRODUCT_BUNDLE_IDENTIFIER = com.kota.MichikusaMemoTests;
				PRODUCT_NAME = "$(TARGET_NAME)";
				SWIFT_EMIT_LOC_STRINGS = NO;
				SWIFT_VERSION = 5.0;
				TARGETED_DEVICE_FAMILY = "1,2";
				TEST_HOST = "$(BUILT_PRODUCTS_DIR)/MichikusaMemo.app/$(BUNDLE_EXECUTABLE_FOLDER_PATH)/MichikusaMemo";
			};
			name = Release;
		};
		87AD28AD2D52548700828B2F /* Debug */ = {
			isa = XCBuildConfiguration;
			buildSettings = {
				CODE_SIGN_STYLE = Automatic;
				CURRENT_PROJECT_VERSION = 1;
				GENERATE_INFOPLIST_FILE = YES;
				MARKETING_VERSION = 1.0;
				PRODUCT_BUNDLE_IDENTIFIER = com.kota.MichikusaMemoUITests;
				PRODUCT_NAME = "$(TARGET_NAME)";
				SWIFT_EMIT_LOC_STRINGS = NO;
				SWIFT_VERSION = 5.0;
				TARGETED_DEVICE_FAMILY = "1,2";
				TEST_TARGET_NAME = MichikusaMemo;
			};
			name = Debug;
		};
		87AD28AE2D52548700828B2F /* Release */ = {
			isa = XCBuildConfiguration;
			buildSettings = {
				CODE_SIGN_STYLE = Automatic;
				CURRENT_PROJECT_VERSION = 1;
				GENERATE_INFOPLIST_FILE = YES;
				MARKETING_VERSION = 1.0;
				PRODUCT_BUNDLE_IDENTIFIER = com.kota.MichikusaMemoUITests;
				PRODUCT_NAME = "$(TARGET_NAME)";
				SWIFT_EMIT_LOC_STRINGS = NO;
				SWIFT_VERSION = 5.0;
				TARGETED_DEVICE_FAMILY = "1,2";
				TEST_TARGET_NAME = MichikusaMemo;
			};
			name = Release;
		};
/* End XCBuildConfiguration section */

/* Begin XCConfigurationList section */
		87AD287D2D52548600828B2F /* Build configuration list for PBXProject "MichikusaMemo" */ = {
			isa = XCConfigurationList;
			buildConfigurations = (
				87AD28A42D52548700828B2F /* Debug */,
				87AD28A52D52548700828B2F /* Release */,
			);
			defaultConfigurationIsVisible = 0;
			defaultConfigurationName = Release;
		};
		87AD28A62D52548700828B2F /* Build configuration list for PBXNativeTarget "MichikusaMemo" */ = {
			isa = XCConfigurationList;
			buildConfigurations = (
				87AD28A72D52548700828B2F /* Debug */,
				87AD28A82D52548700828B2F /* Release */,
			);
			defaultConfigurationIsVisible = 0;
			defaultConfigurationName = Release;
		};
		87AD28A92D52548700828B2F /* Build configuration list for PBXNativeTarget "MichikusaMemoTests" */ = {
			isa = XCConfigurationList;
			buildConfigurations = (
				87AD28AA2D52548700828B2F /* Debug */,
				87AD28AB2D52548700828B2F /* Release */,
			);
			defaultConfigurationIsVisible = 0;
			defaultConfigurationName = Release;
		};
		87AD28AC2D52548700828B2F /* Build configuration list for PBXNativeTarget "MichikusaMemoUITests" */ = {
			isa = XCConfigurationList;
			buildConfigurations = (
				87AD28AD2D52548700828B2F /* Debug */,
				87AD28AE2D52548700828B2F /* Release */,
			);
			defaultConfigurationIsVisible = 0;
			defaultConfigurationName = Release;
		};
/* End XCConfigurationList section */
	};
	rootObject = 87AD287A2D52548600828B2F /* Project object */;
}
